
Microsoft Visual Studio Solution File, Format Version 12.00
# Visual Studio Version 17
VisualStudioVersion = 17.9.34728.123
MinimumVisualStudioVersion = 10.0.40219.1
Project("{FAE04EC0-301F-11D3-BF4B-00C04F79EFBC}") = "2024IntroEmne3", "2024IntroEmne3\2024IntroEmne3.csproj", "{1D3044E6-775D-4611-A4CA-458BD256466C}"
EndProject
Global
	GlobalSection(SolutionConfigurationPlatforms) = preSolution
		Debug|Any CPU = Debug|Any CPU
		Release|Any CPU = Release|Any CPU
	EndGlobalSection
	GlobalSection(ProjectConfigurationPlatforms) = postSolution
		{1D3044E6-775D-4611-A4CA-458BD256466C}.Debug|Any CPU.ActiveCfg = Debug|Any CPU
		{1D3044E6-775D-4611-A4CA-458BD256466C}.Debug|Any CPU.Build.0 = Debug|Any CPU
		{1D3044E6-775D-4611-A4CA-458BD256466C}.Release|Any CPU.ActiveCfg = Release|Any CPU
		{1D3044E6-775D-4611-A4CA-458BD256466C}.Release|Any CPU.Build.0 = Release|Any CPU
	EndGlobalSection
	GlobalSection(SolutionProperties) = preSolution
		HideSolutionNode = FALSE
	EndGlobalSection
	GlobalSection(ExtensibilityGlobals) = postSolution
		SolutionGuid = {774B1E18-F1E8-4633-9831-64DD0BEC1F36}
	EndGlobalSection
EndGlobal
